
Microsoft Visual Studio Solution File, Format Version 12.00
# Visual Studio Version 17
VisualStudioVersion = 17.9.34728.123
MinimumVisualStudioVersion = 10.0.40219.1
Project("{FAE04EC0-301F-11D3-BF4B-00C04F79EFBC}") = "Sistem_Informasi_Sekolah", "Sistem_Informasi_Sekolah.csproj", "{2B508918-DC38-4621-9BB0-DDCDCE579F0C}"
EndProject
Global
	GlobalSection(SolutionConfigurationPlatforms) = preSolution
		Debug|Any CPU = Debug|Any CPU
		Release|Any CPU = Release|Any CPU
	EndGlobalSection
	GlobalSection(ProjectConfigurationPlatforms) = postSolution
		{2B508918-DC38-4621-9BB0-DDCDCE579F0C}.Debug|Any CPU.ActiveCfg = Debug|Any CPU
		{2B508918-DC38-4621-9BB0-DDCDCE579F0C}.Debug|Any CPU.Build.0 = Debug|Any CPU
		{2B508918-DC38-4621-9BB0-DDCDCE579F0C}.Release|Any CPU.ActiveCfg = Release|Any CPU
		{2B508918-DC38-4621-9BB0-DDCDCE579F0C}.Release|Any CPU.Build.0 = Release|Any CPU
	EndGlobalSection
	GlobalSection(SolutionProperties) = preSolution
		HideSolutionNode = FALSE
	EndGlobalSection
	GlobalSection(ExtensibilityGlobals) = postSolution
		SolutionGuid = {0F252F2C-CC7C-40B3-BE33-A2014718DCAD}
	EndGlobalSection
EndGlobal
